
Microsoft Visual Studio Solution File, Format Version 11.00
# Visual Studio 2010
Project("{FAE04EC0-301F-11D3-BF4B-00C04F79EFBC}") = "SteamVR", "SteamVR.csproj", "{71EBAB0E-558E-B1F8-74EA-DBB559D03356}"
EndProject
Project("{FAE04EC0-301F-11D3-BF4B-00C04F79EFBC}") = "Assembly-CSharp", "Assembly-CSharp.csproj", "{FBEFF438-CF09-806E-301C-7BEAF1E8F720}"
EndProject
Project("{FAE04EC0-301F-11D3-BF4B-00C04F79EFBC}") = "SteamVR_Actions", "SteamVR_Actions.csproj", "{11F32E9A-CB5A-18CD-3284-3D881212EB7C}"
EndProject
Project("{FAE04EC0-301F-11D3-BF4B-00C04F79EFBC}") = "SteamVR_Input_Editor", "SteamVR_Input_Editor.csproj", "{E6F5AFEF-F278-F768-D5C1-7315FCE74897}"
EndProject
Project("{FAE04EC0-301F-11D3-BF4B-00C04F79EFBC}") = "SteamVR_Editor", "SteamVR_Editor.csproj", "{29CD8915-B3FA-72DE-A95A-E4416B2AB480}"
EndProject
Project("{FAE04EC0-301F-11D3-BF4B-00C04F79EFBC}") = "SteamVR_Windows_EditorHelper", "SteamVR_Windows_EditorHelper.csproj", "{69DF9888-EA3D-EA4A-7F9B-E3A112428D6C}"
EndProject
Global
	GlobalSection(SolutionConfigurationPlatforms) = preSolution
		Debug|Any CPU = Debug|Any CPU
		Release|Any CPU = Release|Any CPU
	EndGlobalSection
	GlobalSection(ProjectConfigurationPlatforms) = postSolution
		{71EBAB0E-558E-B1F8-74EA-DBB559D03356}.Debug|Any CPU.ActiveCfg = Debug|Any CPU
		{71EBAB0E-558E-B1F8-74EA-DBB559D03356}.Debug|Any CPU.Build.0 = Debug|Any CPU
		{71EBAB0E-558E-B1F8-74EA-DBB559D03356}.Release|Any CPU.ActiveCfg = Release|Any CPU
		{71EBAB0E-558E-B1F8-74EA-DBB559D03356}.Release|Any CPU.Build.0 = Release|Any CPU
		{FBEFF438-CF09-806E-301C-7BEAF1E8F720}.Debug|Any CPU.ActiveCfg = Debug|Any CPU
		{FBEFF438-CF09-806E-301C-7BEAF1E8F720}.Debug|Any CPU.Build.0 = Debug|Any CPU
		{FBEFF438-CF09-806E-301C-7BEAF1E8F720}.Release|Any CPU.ActiveCfg = Release|Any CPU
		{FBEFF438-CF09-806E-301C-7BEAF1E8F720}.Release|Any CPU.Build.0 = Release|Any CPU
		{11F32E9A-CB5A-18CD-3284-3D881212EB7C}.Debug|Any CPU.ActiveCfg = Debug|Any CPU
		{11F32E9A-CB5A-18CD-3284-3D881212EB7C}.Debug|Any CPU.Build.0 = Debug|Any CPU
		{11F32E9A-CB5A-18CD-3284-3D881212EB7C}.Release|Any CPU.ActiveCfg = Release|Any CPU
		{11F32E9A-CB5A-18CD-3284-3D881212EB7C}.Release|Any CPU.Build.0 = Release|Any CPU
		{E6F5AFEF-F278-F768-D5C1-7315FCE74897}.Debug|Any CPU.ActiveCfg = Debug|Any CPU
		{E6F5AFEF-F278-F768-D5C1-7315FCE74897}.Debug|Any CPU.Build.0 = Debug|Any CPU
		{E6F5AFEF-F278-F768-D5C1-7315FCE74897}.Release|Any CPU.ActiveCfg = Release|Any CPU
		{E6F5AFEF-F278-F768-D5C1-7315FCE74897}.Release|Any CPU.Build.0 = Release|Any CPU
		{29CD8915-B3FA-72DE-A95A-E4416B2AB480}.Debug|Any CPU.ActiveCfg = Debug|Any CPU
		{29CD8915-B3FA-72DE-A95A-E4416B2AB480}.Debug|Any CPU.Build.0 = Debug|Any CPU
		{29CD8915-B3FA-72DE-A95A-E4416B2AB480}.Release|Any CPU.ActiveCfg = Release|Any CPU
		{29CD8915-B3FA-72DE-A95A-E4416B2AB480}.Release|Any CPU.Build.0 = Release|Any CPU
		{69DF9888-EA3D-EA4A-7F9B-E3A112428D6C}.Debug|Any CPU.ActiveCfg = Debug|Any CPU
		{69DF9888-EA3D-EA4A-7F9B-E3A112428D6C}.Debug|Any CPU.Build.0 = Debug|Any CPU
		{69DF9888-EA3D-EA4A-7F9B-E3A112428D6C}.Release|Any CPU.ActiveCfg = Release|Any CPU
		{69DF9888-EA3D-EA4A-7F9B-E3A112428D6C}.Release|Any CPU.Build.0 = Release|Any CPU
	EndGlobalSection
	GlobalSection(SolutionProperties) = preSolution
		HideSolutionNode = FALSE
	EndGlobalSection
EndGlobal
